{
  "meteor": {
    "git": "https://github.com/meteor/meteor.git",
    "branch": "master",
    "commit": "cab491f3650fffc85661bca6b3cecf583410e05d"
  },
  "dependencies": {
    "basePackages": {
      "jade-handlebars": {},
      "chartjs": {},
      "filepicker": {},
      "jquery-csv": {},
      "handlebar-helpers": {}
    },
    "packages": {
      "jade-handlebars": {
        "git": "https://github.com/tomconnors/meteor-jade-handlebars.git",
        "commit": "6fd94f31606a6fd78b17a88da0b0c71e251774bd"
      },
      "chartjs": {
        "git": "https://github.com/donskifarrell/meteor-chartjs.git",
        "tag": "v0.0.3",
        "commit": "cd3339ccbc99eb8fe7664a918aef25423bdaca3b"
      },
      "filepicker": {
        "git": "https://github.com/Filepicker/meteor.git",
        "tag": "v0.3.0",
        "commit": "dcb6f3779e5fc105520ba06b0392e3a79c73a7e6"
      },
      "jquery-csv": {
        "git": "https://github.com/donskifarrell/meteor-jquery-csv.git",
        "tag": "v0.7.1",
        "commit": "7a7d868dd85da5d64dc4a174a3e5d5e2bbf90c03"
      },
      "handlebar-helpers": {
        "git": "https://github.com/raix/Meteor-handlebar-helpers.git",
        "tag": "v0.0.5",
        "commit": "bedecf71d04097773b359ccbf6e5bd97fcb53f8e"
      }
    }
  }
}
